
Microsoft Visual Studio Solution File, Format Version 12.00
# Visual Studio Version 17
VisualStudioVersion = 17.5.002.0
MinimumVisualStudioVersion = 10.0.40219.1
Project("{9A19103F-16F7-4668-BE54-9A1E7A4F7556}") = "UbyTECAPI", "UbyTECAPI\UbyTECAPI.csproj", "{8731D894-B52F-465E-9D32-77E73C1FFCDE}"
EndProject
Global
	GlobalSection(SolutionConfigurationPlatforms) = preSolution
		Debug|Any CPU = Debug|Any CPU
		Release|Any CPU = Release|Any CPU
	EndGlobalSection
	GlobalSection(ProjectConfigurationPlatforms) = postSolution
		{8731D894-B52F-465E-9D32-77E73C1FFCDE}.Debug|Any CPU.ActiveCfg = Debug|Any CPU
		{8731D894-B52F-465E-9D32-77E73C1FFCDE}.Debug|Any CPU.Build.0 = Debug|Any CPU
		{8731D894-B52F-465E-9D32-77E73C1FFCDE}.Release|Any CPU.ActiveCfg = Release|Any CPU
		{8731D894-B52F-465E-9D32-77E73C1FFCDE}.Release|Any CPU.Build.0 = Release|Any CPU
	EndGlobalSection
	GlobalSection(SolutionProperties) = preSolution
		HideSolutionNode = FALSE
	EndGlobalSection
	GlobalSection(ExtensibilityGlobals) = postSolution
		SolutionGuid = {C63267AF-E9EA-499B-BF44-D626AD90B1DC}
	EndGlobalSection
EndGlobal
